PODS:
  - ISO8601 (0.1.9)
  - MagicalRecord (2.3.0-beta.5):
    - MagicalRecord/Core (= 2.3.0-beta.5)
  - MagicalRecord/Core (2.3.0-beta.5)
  - NSTimer-Blocks (0.0.1)
  - Reachability (3.1.1)
  - RSSwizzle (0.1.0)
  - SAMCategories (0.4.1)
  - TSNREST (0.4.1):
    - MagicalRecord
    - NSTimer-Blocks (~> 0.0.1)
    - Reachability (~> 3.1.0)
    - RSSwizzle (~> 0.1.0)
    - SAMCategories (~> 0.4.0)

DEPENDENCIES:
  - ISO8601 (from `https://github.com/PAM-AS/iso8601.git`)
  - MagicalRecord (from `https://github.com/magicalpanda/MagicalRecord.git`, tag `v2.3.0-beta.5`)
  - TSNREST (from `../`)

EXTERNAL SOURCES:
  ISO8601:
    :git: https://github.com/PAM-AS/iso8601.git
  MagicalRecord:
    :git: https://github.com/magicalpanda/MagicalRecord.git
    :tag: v2.3.0-beta.5
  TSNREST:
    :path: ../

CHECKOUT OPTIONS:
  ISO8601:
    :commit: af7577cbcebab6d61c29eb2c71338c42bcf85349
    :git: https://github.com/PAM-AS/iso8601.git
  MagicalRecord:
    :git: https://github.com/magicalpanda/MagicalRecord.git
    :tag: v2.3.0-beta.5

SPEC CHECKSUMS:
  ISO8601: 6ecc4833427a41e1a6152452fc5a3007d37710c5
  MagicalRecord: edcc27277d4c15874cc565fb5d91576c146cb2f1
  NSTimer-Blocks: 0a653b84ab33068a085f5c03c82c18be1f61eba9
  Reachability: 8e9635e3cb4f98e7f825e51147f677ecc694d0e7
  RSSwizzle: ab39962b7ec56d19c2318ec1127e253797121363
  SAMCategories: e5e2371b9143d66c6fc76dfd6e7c687ffbccf1e7
  TSNREST: 51b9c85a3de21b639a4c4cff7fca4dd034a4c9c6

COCOAPODS: 0.35.0
